
Microsoft Visual Studio Solution File, Format Version 12.00
# Visual Studio Version 17
VisualStudioVersion = 17.1.32210.238
MinimumVisualStudioVersion = 10.0.40219.1
Project("{FAE04EC0-301F-11D3-BF4B-00C04F79EFBC}") = "Disney-API", "Disney-API\Disney-API.csproj", "{34E3D68C-62D0-4A81-AA0E-D5EA31D2CA52}"
EndProject
Global
	GlobalSection(SolutionConfigurationPlatforms) = preSolution
		Debug|Any CPU = Debug|Any CPU
		Release|Any CPU = Release|Any CPU
	EndGlobalSection
	GlobalSection(ProjectConfigurationPlatforms) = postSolution
		{34E3D68C-62D0-4A81-AA0E-D5EA31D2CA52}.Debug|Any CPU.ActiveCfg = Debug|Any CPU
		{34E3D68C-62D0-4A81-AA0E-D5EA31D2CA52}.Debug|Any CPU.Build.0 = Debug|Any CPU
		{34E3D68C-62D0-4A81-AA0E-D5EA31D2CA52}.Release|Any CPU.ActiveCfg = Release|Any CPU
		{34E3D68C-62D0-4A81-AA0E-D5EA31D2CA52}.Release|Any CPU.Build.0 = Release|Any CPU
	EndGlobalSection
	GlobalSection(SolutionProperties) = preSolution
		HideSolutionNode = FALSE
	EndGlobalSection
	GlobalSection(ExtensibilityGlobals) = postSolution
		SolutionGuid = {221656BE-1076-4ECD-BE74-C63B85708CD7}
	EndGlobalSection
EndGlobal
